
Microsoft Visual Studio Solution File, Format Version 12.00
# Visual Studio Version 16
VisualStudioVersion = 16.0.29609.76
MinimumVisualStudioVersion = 10.0.40219.1
Project("{FAE04EC0-301F-11D3-BF4B-00C04F79EFBC}") = "CVIntro", "CVIntro\CVIntro.csproj", "{15C2DF00-B14E-4D28-BD5F-D03CABFCA654}"
EndProject
Project("{FAE04EC0-301F-11D3-BF4B-00C04F79EFBC}") = "CVImageDetection", "CVImageDetection\CVImageDetection.csproj", "{A230360F-2A13-47BA-BA04-E67E3131E462}"
EndProject
Global
	GlobalSection(SolutionConfigurationPlatforms) = preSolution
		Debug|Any CPU = Debug|Any CPU
		Release|Any CPU = Release|Any CPU
	EndGlobalSection
	GlobalSection(ProjectConfigurationPlatforms) = postSolution
		{15C2DF00-B14E-4D28-BD5F-D03CABFCA654}.Debug|Any CPU.ActiveCfg = Debug|Any CPU
		{15C2DF00-B14E-4D28-BD5F-D03CABFCA654}.Debug|Any CPU.Build.0 = Debug|Any CPU
		{15C2DF00-B14E-4D28-BD5F-D03CABFCA654}.Release|Any CPU.ActiveCfg = Release|Any CPU
		{15C2DF00-B14E-4D28-BD5F-D03CABFCA654}.Release|Any CPU.Build.0 = Release|Any CPU
		{A230360F-2A13-47BA-BA04-E67E3131E462}.Debug|Any CPU.ActiveCfg = Debug|Any CPU
		{A230360F-2A13-47BA-BA04-E67E3131E462}.Debug|Any CPU.Build.0 = Debug|Any CPU
		{A230360F-2A13-47BA-BA04-E67E3131E462}.Release|Any CPU.ActiveCfg = Release|Any CPU
		{A230360F-2A13-47BA-BA04-E67E3131E462}.Release|Any CPU.Build.0 = Release|Any CPU
	EndGlobalSection
	GlobalSection(SolutionProperties) = preSolution
		HideSolutionNode = FALSE
	EndGlobalSection
	GlobalSection(ExtensibilityGlobals) = postSolution
		SolutionGuid = {7A462F54-1C5A-4D5E-B281-9289501F5A1C}
	EndGlobalSection
EndGlobal
